Microsoft Visual Studio Solution File, Format Version 11.00
# Visual Studio 2008

Project("{5BFBF324-ABED-1E8F-2A91-5F39120FFF22}") = "3D Bounce", "Assembly-CSharp-firstpass.csproj", "{2E35496C-7738-B579-7BB7-433B6AE28C06}"
EndProject
Project("{5BFBF324-ABED-1E8F-2A91-5F39120FFF22}") = "3D Bounce", "Assembly-CSharp.csproj", "{F16DEE6C-8239-7B4F-ECA1-D67320ABEBC9}"
EndProject
Project("{5BFBF324-ABED-1E8F-2A91-5F39120FFF22}") = "3D Bounce", "Assembly-CSharp-Editor.csproj", "{262A83C4-69CA-F99E-21F0-231969EC75C9}"
EndProject
Global
	GlobalSection(SolutionConfigurationPlatforms) = preSolution
		Debug|Any CPU = Debug|Any CPU
		Release|Any CPU = Release|Any CPU
	EndGlobalSection
	GlobalSection(ProjectConfigurationPlatforms) = postSolution
		{2E35496C-7738-B579-7BB7-433B6AE28C06}.Debug|Any CPU.ActiveCfg = Debug|Any CPU
		{2E35496C-7738-B579-7BB7-433B6AE28C06}.Debug|Any CPU.Build.0 = Debug|Any CPU
		{2E35496C-7738-B579-7BB7-433B6AE28C06}.Release|Any CPU.ActiveCfg = Release|Any CPU
		{2E35496C-7738-B579-7BB7-433B6AE28C06}.Release|Any CPU.Build.0 = Release|Any CPU
		{F16DEE6C-8239-7B4F-ECA1-D67320ABEBC9}.Debug|Any CPU.ActiveCfg = Debug|Any CPU
		{F16DEE6C-8239-7B4F-ECA1-D67320ABEBC9}.Debug|Any CPU.Build.0 = Debug|Any CPU
		{F16DEE6C-8239-7B4F-ECA1-D67320ABEBC9}.Release|Any CPU.ActiveCfg = Release|Any CPU
		{F16DEE6C-8239-7B4F-ECA1-D67320ABEBC9}.Release|Any CPU.Build.0 = Release|Any CPU
		{262A83C4-69CA-F99E-21F0-231969EC75C9}.Debug|Any CPU.ActiveCfg = Debug|Any CPU
		{262A83C4-69CA-F99E-21F0-231969EC75C9}.Debug|Any CPU.Build.0 = Debug|Any CPU
		{262A83C4-69CA-F99E-21F0-231969EC75C9}.Release|Any CPU.ActiveCfg = Release|Any CPU
		{262A83C4-69CA-F99E-21F0-231969EC75C9}.Release|Any CPU.Build.0 = Release|Any CPU
	EndGlobalSection
	GlobalSection(SolutionProperties) = preSolution
		HideSolutionNode = FALSE
	EndGlobalSection
	GlobalSection(MonoDevelopProperties) = preSolution
		StartupItem = Assembly-CSharp.csproj
	EndGlobalSection
EndGlobal
